
Microsoft Visual Studio Solution File, Format Version 12.00
# Visual Studio Version 17
VisualStudioVersion = 17.4.33213.308
MinimumVisualStudioVersion = 10.0.40219.1
Project("{FAE04EC0-301F-11D3-BF4B-00C04F79EFBC}") = "firstWebApi", "firstWebApi\firstWebApi.csproj", "{DA02EC65-3370-48DE-938D-5F31A1962E69}"
EndProject
Global
	GlobalSection(SolutionConfigurationPlatforms) = preSolution
		Debug|Any CPU = Debug|Any CPU
		Release|Any CPU = Release|Any CPU
	EndGlobalSection
	GlobalSection(ProjectConfigurationPlatforms) = postSolution
		{DA02EC65-3370-48DE-938D-5F31A1962E69}.Debug|Any CPU.ActiveCfg = Debug|Any CPU
		{DA02EC65-3370-48DE-938D-5F31A1962E69}.Debug|Any CPU.Build.0 = Debug|Any CPU
		{DA02EC65-3370-48DE-938D-5F31A1962E69}.Release|Any CPU.ActiveCfg = Release|Any CPU
		{DA02EC65-3370-48DE-938D-5F31A1962E69}.Release|Any CPU.Build.0 = Release|Any CPU
	EndGlobalSection
	GlobalSection(SolutionProperties) = preSolution
		HideSolutionNode = FALSE
	EndGlobalSection
	GlobalSection(ExtensibilityGlobals) = postSolution
		SolutionGuid = {E8B68C48-C6B3-42F1-BCA1-48F4960E7AF0}
	EndGlobalSection
EndGlobal
